// !$*UTF8*$!
{
	archiveVersion = 1;
	classes = {
	};
	objectVersion = 56;
	objects = {

/* Begin PBXBuildFile section */
		B04F888E2A0AB218007ECB63 /* DiscreteRandomVariableApp.swift in Sources */ = {isa = PBXBuildFile; fileRef = B04F888D2A0AB218007ECB63 /* DiscreteRandomVariableApp.swift */; };
		B04F88902A0AB218007ECB63 /* DRVView.swift in Sources */ = {isa = PBXBuildFile; fileRef = B04F888F2A0AB218007ECB63 /* DRVView.swift */; };
		B04F88922A0AB219007ECB63 /* Assets.xcassets in Resources */ = {isa = PBXBuildFile; fileRef = B04F88912A0AB219007ECB63 /* Assets.xcassets */; };
		B04F88952A0AB219007ECB63 /* Preview Assets.xcassets in Resources */ = {isa = PBXBuildFile; fileRef = B04F88942A0AB219007ECB63 /* Preview Assets.xcassets */; };
		B04F889D2A0ADEA4007ECB63 /* .gitignore in Resources */ = {isa = PBXBuildFile; fileRef = B04F889C2A0ADEA4007ECB63 /* .gitignore */; };
		B04F889F2A0ADEB8007ECB63 /* README.md in Resources */ = {isa = PBXBuildFile; fileRef = B04F889E2A0ADEB8007ECB63 /* README.md */; };
/* End PBXBuildFile section */

/* Begin PBXFileReference section */
		B04F888A2A0AB218007ECB63 /* DiscreteRandomVariable.app */ = {isa = PBXFileReference; explicitFileType = wrapper.application; includeInIndex = 0; path = DiscreteRandomVariable.app; sourceTree = BUILT_PRODUCTS_DIR; };
		B04F888D2A0AB218007ECB63 /* DiscreteRandomVariableApp.swift */ = {isa = PBXFileReference; lastKnownFileType = sourcecode.swift; path = DiscreteRandomVariableApp.swift; sourceTree = "<group>"; };
		B04F888F2A0AB218007ECB63 /* DRVView.swift */ = {isa = PBXFileReference; lastKnownFileType = sourcecode.swift; path = DRVView.swift; sourceTree = "<group>"; };
		B04F88912A0AB219007ECB63 /* Assets.xcassets */ = {isa = PBXFileReference; lastKnownFileType = folder.assetcatalog; path = Assets.xcassets; sourceTree = "<group>"; };
		B04F88942A0AB219007ECB63 /* Preview Assets.xcassets */ = {isa = PBXFileReference; lastKnownFileType = folder.assetcatalog; path = "Preview Assets.xcassets"; sourceTree = "<group>"; };
		B04F88962A0AB219007ECB63 /* DiscreteRandomVariable.entitlements */ = {isa = PBXFileReference; lastKnownFileType = text.plist.entitlements; path = DiscreteRandomVariable.entitlements; sourceTree = "<group>"; };
		B04F889C2A0ADEA4007ECB63 /* .gitignore */ = {isa = PBXFileReference; lastKnownFileType = text; path = .gitignore; sourceTree = "<group>"; };
		B04F889E2A0ADEB8007ECB63 /* README.md */ = {isa = PBXFileReference; lastKnownFileType = net.daringfireball.markdown; path = README.md; sourceTree = "<group>"; };
/* End PBXFileReference section */

/* Begin PBXFrameworksBuildPhase section */
		B04F88872A0AB218007ECB63 /* Frameworks */ = {
			isa = PBXFrameworksBuildPhase;
			buildActionMask = 2147483647;
			files = (
			);
			runOnlyForDeploymentPostprocessing = 0;
		};
/* End PBXFrameworksBuildPhase section */

/* Begin PBXGroup section */
		B04F88812A0AB218007ECB63 = {
			isa = PBXGroup;
			children = (
				B04F889C2A0ADEA4007ECB63 /* .gitignore */,
				B04F889E2A0ADEB8007ECB63 /* README.md */,
				B04F888C2A0AB218007ECB63 /* DiscreteRandomVariable */,
				B04F888B2A0AB218007ECB63 /* Products */,
			);
			sourceTree = "<group>";
		};
		B04F888B2A0AB218007ECB63 /* Products */ = {
			isa = PBXGroup;
			children = (
				B04F888A2A0AB218007ECB63 /* DiscreteRandomVariable.app */,
			);
			name = Products;
			sourceTree = "<group>";
		};
		B04F888C2A0AB218007ECB63 /* DiscreteRandomVariable */ = {
			isa = PBXGroup;
			children = (
				B04F888D2A0AB218007ECB63 /* DiscreteRandomVariableApp.swift */,
				B04F888F2A0AB218007ECB63 /* DRVView.swift */,
				B04F88912A0AB219007ECB63 /* Assets.xcassets */,
				B04F88962A0AB219007ECB63 /* DiscreteRandomVariable.entitlements */,
				B04F88932A0AB219007ECB63 /* Preview Content */,
			);
			path = DiscreteRandomVariable;
			sourceTree = "<group>";
		};
		B04F88932A0AB219007ECB63 /* Preview Content */ = {
			isa = PBXGroup;
			children = (
				B04F88942A0AB219007ECB63 /* Preview Assets.xcassets */,
			);
			path = "Preview Content";
			sourceTree = "<group>";
		};
/* End PBXGroup section */

/* Begin PBXNativeTarget section */
		B04F88892A0AB218007ECB63 /* DiscreteRandomVariable */ = {
			isa = PBXNativeTarget;
			buildConfigurationList = B04F88992A0AB219007ECB63 /* Build configuration list for PBXNativeTarget "DiscreteRandomVariable" */;
			buildPhases = (
				B04F88862A0AB218007ECB63 /* Sources */,
				B04F88872A0AB218007ECB63 /* Frameworks */,
				B04F88882A0AB218007ECB63 /* Resources */,
			);
			buildRules = (
			);
			dependencies = (
			);
			name = DiscreteRandomVariable;
			productName = DiscreteRandomVariable;
			productReference = B04F888A2A0AB218007ECB63 /* DiscreteRandomVariable.app */;
			productType = "com.apple.product-type.application";
		};
/* End PBXNativeTarget section */

/* Begin PBXProject section */
		B04F88822A0AB218007ECB63 /* Project object */ = {
			isa = PBXProject;
			attributes = {
				BuildIndependentTargetsInParallel = 1;
				LastSwiftUpdateCheck = 1430;
				LastUpgradeCheck = 1430;
				TargetAttributes = {
					B04F88892A0AB218007ECB63 = {
						CreatedOnToolsVersion = 14.3;
					};
				};
			};
			buildConfigurationList = B04F88852A0AB218007ECB63 /* Build configuration list for PBXProject "DiscreteRandomVariable" */;
			compatibilityVersion = "Xcode 14.0";
			developmentRegion = en;
			hasScannedForEncodings = 0;
			knownRegions = (
				en,
				Base,
			);
			mainGroup = B04F88812A0AB218007ECB63;
			productRefGroup = B04F888B2A0AB218007ECB63 /* Products */;
			projectDirPath = "";
			projectRoot = "";
			targets = (
				B04F88892A0AB218007ECB63 /* DiscreteRandomVariable */,
			);
		};
/* End PBXProject section */

/* Begin PBXResourcesBuildPhase section */
		B04F88882A0AB218007ECB63 /* Resources */ = {
			isa = PBXResourcesBuildPhase;
			buildActionMask = 2147483647;
			files = (
				B04F88952A0AB219007ECB63 /* Preview Assets.xcassets in Resources */,
				B04F889D2A0ADEA4007ECB63 /* .gitignore in Resources */,
				B04F889F2A0ADEB8007ECB63 /* README.md in Resources */,
				B04F88922A0AB219007ECB63 /* Assets.xcassets in Resources */,
			);
			runOnlyForDeploymentPostprocessing = 0;
		};
/* End PBXResourcesBuildPhase section */

/* Begin PBXSourcesBuildPhase section */
		B04F88862A0AB218007ECB63 /* Sources */ = {
			isa = PBXSourcesBuildPhase;
			buildActionMask = 2147483647;
			files = (
				B04F88902A0AB218007ECB63 /* DRVView.swift in Sources */,
				B04F888E2A0AB218007ECB63 /* DiscreteRandomVariableApp.swift in Sources */,
			);
			runOnlyForDeploymentPostprocessing = 0;
		};
/* End PBXSourcesBuildPhase section */

/* Begin XCBuildConfiguration section */
		B04F88972A0AB219007ECB63 /* Debug */ = {
			isa = XCBuildConfiguration;
			buildSettings = {
				ALWAYS_SEARCH_USER_PATHS = NO;
				CLANG_ANALYZER_NONNULL = YES;
				CLANG_ANALYZER_NUMBER_OBJECT_CONVERSION = YES_AGGRESSIVE;
				CLANG_CXX_LANGUAGE_STANDARD = "gnu++20";
				CLANG_ENABLE_MODULES = YES;
				CLANG_ENABLE_OBJC_ARC = YES;
				CLANG_ENABLE_OBJC_WEAK = YES;
				CLANG_WARN_BLOCK_CAPTURE_AUTORELEASING = YES;
				CLANG_WARN_BOOL_CONVERSION = YES;
				CLANG_WARN_COMMA = YES;
				CLANG_WARN_CONSTANT_CONVERSION = YES;
				CLANG_WARN_DEPRECATED_OBJC_IMPLEMENTATIONS = YES;
				CLANG_WARN_DIRECT_OBJC_ISA_USAGE = YES_ERROR;
				CLANG_WARN_DOCUMENTATION_COMMENTS = YES;
				CLANG_WARN_EMPTY_BODY = YES;
				CLANG_WARN_ENUM_CONVERSION = YES;
				CLANG_WARN_INFINITE_RECURSION = YES;
				CLANG_WARN_INT_CONVERSION = YES;
				CLANG_WARN_NON_LITERAL_NULL_CONVERSION = YES;
				CLANG_WARN_OBJC_IMPLICIT_RETAIN_SELF = YES;
				CLANG_WARN_OBJC_LITERAL_CONVERSION = YES;
				CLANG_WARN_OBJC_ROOT_CLASS = YES_ERROR;
				CLANG_WARN_QUOTED_INCLUDE_IN_FRAMEWORK_HEADER = YES;
				CLANG_WARN_RANGE_LOOP_ANALYSIS = YES;
				CLANG_WARN_STRICT_PROTOTYPES = YES;
				CLANG_WARN_SUSPICIOUS_MOVE = YES;
				CLANG_WARN_UNGUARDED_AVAILABILITY = YES_AGGRESSIVE;
				CLANG_WARN_UNREACHABLE_CODE = YES;
				CLANG_WARN__DUPLICATE_METHOD_MATCH = YES;
				COPY_PHASE_STRIP = NO;
				DEBUG_INFORMATION_FORMAT = dwarf;
				ENABLE_STRICT_OBJC_MSGSEND = YES;
				ENABLE_TESTABILITY = YES;
				GCC_C_LANGUAGE_STANDARD = gnu11;
				GCC_DYNAMIC_NO_PIC = NO;
				GCC_NO_COMMON_BLOCKS = YES;
				GCC_OPTIMIZATION_LEVEL = 0;
				GCC_PREPROCESSOR_DEFINITIONS = (
					"DEBUG=1",
					"$(inherited)",
				);
				GCC_WARN_64_TO_32_BIT_CONVERSION = YES;
				GCC_WARN_ABOUT_RETURN_TYPE = YES_ERROR;
				GCC_WARN_UNDECLARED_SELECTOR = YES;
				GCC_WARN_UNINITIALIZED_AUTOS = YES_AGGRESSIVE;
				GCC_WARN_UNUSED_FUNCTION = YES;
				GCC_WARN_UNUSED_VARIABLE = YES;
				MACOSX_DEPLOYMENT_TARGET = 13.3;
				MTL_ENABLE_DEBUG_INFO = INCLUDE_SOURCE;
				MTL_FAST_MATH = YES;
				ONLY_ACTIVE_ARCH = YES;
				SDKROOT = macosx;
				SWIFT_ACTIVE_COMPILATION_CONDITIONS = DEBUG;
				SWIFT_OPTIMIZATION_LEVEL = "-Onone";
			};
			name = Debug;
		};
		B04F88982A0AB219007ECB63 /* Release */ = {
			isa = XCBuildConfiguration;
			buildSettings = {
				ALWAYS_SEARCH_USER_PATHS = NO;
				CLANG_ANALYZER_NONNULL = YES;
				CLANG_ANALYZER_NUMBER_OBJECT_CONVERSION = YES_AGGRESSIVE;
				CLANG_CXX_LANGUAGE_STANDARD = "gnu++20";
				CLANG_ENABLE_MODULES = YES;
				CLANG_ENABLE_OBJC_ARC = YES;
				CLANG_ENABLE_OBJC_WEAK = YES;
				CLANG_WARN_BLOCK_CAPTURE_AUTORELEASING = YES;
				CLANG_WARN_BOOL_CONVERSION = YES;
				CLANG_WARN_COMMA = YES;
				CLANG_WARN_CONSTANT_CONVERSION = YES;
				CLANG_WARN_DEPRECATED_OBJC_IMPLEMENTATIONS = YES;
				CLANG_WARN_DIRECT_OBJC_ISA_USAGE = YES_ERROR;
				CLANG_WARN_DOCUMENTATION_COMMENTS = YES;
				CLANG_WARN_EMPTY_BODY = YES;
				CLANG_WARN_ENUM_CONVERSION = YES;
				CLANG_WARN_INFINITE_RECURSION = YES;
				CLANG_WARN_INT_CONVERSION = YES;
				CLANG_WARN_NON_LITERAL_NULL_CONVERSION = YES;
				CLANG_WARN_OBJC_IMPLICIT_RETAIN_SELF = YES;
				CLANG_WARN_OBJC_LITERAL_CONVERSION = YES;
				CLANG_WARN_OBJC_ROOT_CLASS = YES_ERROR;
				CLANG_WARN_QUOTED_INCLUDE_IN_FRAMEWORK_HEADER = YES;
				CLANG_WARN_RANGE_LOOP_ANALYSIS = YES;
				CLANG_WARN_STRICT_PROTOTYPES = YES;
				CLANG_WARN_SUSPICIOUS_MOVE = YES;
				CLANG_WARN_UNGUARDED_AVAILABILITY = YES_AGGRESSIVE;
				CLANG_WARN_UNREACHABLE_CODE = YES;
				CLANG_WARN__DUPLICATE_METHOD_MATCH = YES;
				COPY_PHASE_STRIP = NO;
				DEBUG_INFORMATION_FORMAT = "dwarf-with-dsym";
				ENABLE_NS_ASSERTIONS = NO;
				ENABLE_STRICT_OBJC_MSGSEND = YES;
				GCC_C_LANGUAGE_STANDARD = gnu11;
				GCC_NO_COMMON_BLOCKS = YES;
				GCC_WARN_64_TO_32_BIT_CONVERSION = YES;
				GCC_WARN_ABOUT_RETURN_TYPE = YES_ERROR;
				GCC_WARN_UNDECLARED_SELECTOR = YES;
				GCC_WARN_UNINITIALIZED_AUTOS = YES_AGGRESSIVE;
				GCC_WARN_UNUSED_FUNCTION = YES;
				GCC_WARN_UNUSED_VARIABLE = YES;
				MACOSX_DEPLOYMENT_TARGET = 13.3;
				MTL_ENABLE_DEBUG_INFO = NO;
				MTL_FAST_MATH = YES;
				SDKROOT = macosx;
				SWIFT_COMPILATION_MODE = wholemodule;
				SWIFT_OPTIMIZATION_LEVEL = "-O";
			};
			name = Release;
		};
		B04F889A2A0AB219007ECB63 /* Debug */ = {
			isa = XCBuildConfiguration;
			buildSettings = {
				ASSETCATALOG_COMPILER_APPICON_NAME = AppIcon;
				ASSETCATALOG_COMPILER_GLOBAL_ACCENT_COLOR_NAME = AccentColor;
				CODE_SIGN_ENTITLEMENTS = DiscreteRandomVariable/DiscreteRandomVariable.entitlements;
				CODE_SIGN_STYLE = Automatic;
				COMBINE_HIDPI_IMAGES = YES;
				CURRENT_PROJECT_VERSION = 1;
				DEVELOPMENT_ASSET_PATHS = "\"DiscreteRandomVariable/Preview Content\"";
				DEVELOPMENT_TEAM = F4UY8YURNN;
				ENABLE_HARDENED_RUNTIME = YES;
				ENABLE_PREVIEWS = YES;
				GENERATE_INFOPLIST_FILE = YES;
				INFOPLIST_KEY_NSHumanReadableCopyright = "";
				LD_RUNPATH_SEARCH_PATHS = (
					"$(inherited)",
					"@executable_path/../Frameworks",
				);
				MARKETING_VERSION = 1.0;
				PRODUCT_BUNDLE_IDENTIFIER = com.StevenWijaya.DiscreteRandomVariable;
				PRODUCT_NAME = "$(TARGET_NAME)";
				SWIFT_EMIT_LOC_STRINGS = YES;
				SWIFT_VERSION = 5.0;
			};
			name = Debug;
		};
		B04F889B2A0AB219007ECB63 /* Release */ = {
			isa = XCBuildConfiguration;
			buildSettings = {
				ASSETCATALOG_COMPILER_APPICON_NAME = AppIcon;
				ASSETCATALOG_COMPILER_GLOBAL_ACCENT_COLOR_NAME = AccentColor;
				CODE_SIGN_ENTITLEMENTS = DiscreteRandomVariable/DiscreteRandomVariable.entitlements;
				CODE_SIGN_STYLE = Automatic;
				COMBINE_HIDPI_IMAGES = YES;
				CURRENT_PROJECT_VERSION = 1;
				DEVELOPMENT_ASSET_PATHS = "\"DiscreteRandomVariable/Preview Content\"";
				DEVELOPMENT_TEAM = F4UY8YURNN;
				ENABLE_HARDENED_RUNTIME = YES;
				ENABLE_PREVIEWS = YES;
				GENERATE_INFOPLIST_FILE = YES;
				INFOPLIST_KEY_NSHumanReadableCopyright = "";
				LD_RUNPATH_SEARCH_PATHS = (
					"$(inherited)",
					"@executable_path/../Frameworks",
				);
				MARKETING_VERSION = 1.0;
				PRODUCT_BUNDLE_IDENTIFIER = com.StevenWijaya.DiscreteRandomVariable;
				PRODUCT_NAME = "$(TARGET_NAME)";
				SWIFT_EMIT_LOC_STRINGS = YES;
				SWIFT_VERSION = 5.0;
			};
			name = Release;
		};
/* End XCBuildConfiguration section */

/* Begin XCConfigurationList section */
		B04F88852A0AB218007ECB63 /* Build configuration list for PBXProject "DiscreteRandomVariable" */ = {
			isa = XCConfigurationList;
			buildConfigurations = (
				B04F88972A0AB219007ECB63 /* Debug */,
				B04F88982A0AB219007ECB63 /* Release */,
			);
			defaultConfigurationIsVisible = 0;
			defaultConfigurationName = Release;
		};
		B04F88992A0AB219007ECB63 /* Build configuration list for PBXNativeTarget "DiscreteRandomVariable" */ = {
			isa = XCConfigurationList;
			buildConfigurations = (
				B04F889A2A0AB219007ECB63 /* Debug */,
				B04F889B2A0AB219007ECB63 /* Release */,
			);
			defaultConfigurationIsVisible = 0;
			defaultConfigurationName = Release;
		};
/* End XCConfigurationList section */
	};
	rootObject = B04F88822A0AB218007ECB63 /* Project object */;
}
